
Microsoft Visual Studio Solution File, Format Version 12.00
# Visual Studio Version 17
VisualStudioVersion = 17.2.32630.192
MinimumVisualStudioVersion = 10.0.40219.1
Project("{9A19103F-16F7-4668-BE54-9A1E7A4F7556}") = "R5T.F0127", "R5T.F0127\R5T.F0127.csproj", "{1C8818EF-455C-48C7-8E9B-3C82E8CB688D}"
EndProject
Project("{2150E333-8FDC-42A3-9474-1A3956D46DE8}") = "_Dependencies", "_Dependencies", "{E617C044-9DE7-4C02-AD04-737375499C71}"
EndProject
Project("{9A19103F-16F7-4668-BE54-9A1E7A4F7556}") = "R5T.T0132", "..\..\R5T.T0132\source\R5T.T0132\R5T.T0132.csproj", "{D5E3A605-169F-4B9B-A089-B254553F10AE}"
EndProject
Project("{9A19103F-16F7-4668-BE54-9A1E7A4F7556}") = "R5T.T0143", "..\..\R5T.T0143\source\R5T.T0143\R5T.T0143.csproj", "{CC76F681-C0C1-45BC-B59B-9FC90E508539}"
EndProject
Project("{9A19103F-16F7-4668-BE54-9A1E7A4F7556}") = "R5T.T0178", "..\..\R5T.T0178\source\R5T.T0178\R5T.T0178.csproj", "{B093F80C-D6A8-4790-ADB8-6E67B49D8468}"
EndProject
Project("{9A19103F-16F7-4668-BE54-9A1E7A4F7556}") = "R5T.T0179", "..\..\R5T.T0179\source\R5T.T0179\R5T.T0179.csproj", "{4C5FB2C5-F468-4320-85DB-6A1184474A24}"
EndProject
Project("{9A19103F-16F7-4668-BE54-9A1E7A4F7556}") = "R5T.T0185", "..\..\R5T.T0185\source\R5T.T0185\R5T.T0185.csproj", "{DD22D482-014A-4C45-8CE4-0E7ABF883652}"
EndProject
Project("{9A19103F-16F7-4668-BE54-9A1E7A4F7556}") = "R5T.T0187", "..\..\R5T.T0187\source\R5T.T0187\R5T.T0187.csproj", "{6D63E3F0-6385-4CD7-9658-D4A6744E37E1}"
EndProject
Project("{9A19103F-16F7-4668-BE54-9A1E7A4F7556}") = "R5T.T0184", "..\..\R5T.T0184\source\R5T.T0184\R5T.T0184.csproj", "{BFEC0760-58E9-40B8-AC32-26AB14666861}"
EndProject
Project("{9A19103F-16F7-4668-BE54-9A1E7A4F7556}") = "R5T.T0156", "..\..\R5T.T0156\source\R5T.T0156\R5T.T0156.csproj", "{92768933-0BB8-4C82-B141-6DA63C532877}"
EndProject
Project("{9A19103F-16F7-4668-BE54-9A1E7A4F7556}") = "R5T.F0000", "..\..\R5T.F0000\source\R5T.F0000\R5T.F0000.csproj", "{AC7025FD-34E1-410F-929E-B0F68636DC64}"
EndProject
Project("{9A19103F-16F7-4668-BE54-9A1E7A4F7556}") = "R5T.F0002", "..\..\R5T.F0002\source\R5T.F0002\R5T.F0002.csproj", "{28246208-6666-458D-BAA8-923B67728C8B}"
EndProject
Project("{9A19103F-16F7-4668-BE54-9A1E7A4F7556}") = "R5T.F0120", "..\..\R5T.F0120\source\R5T.F0120\R5T.F0120.csproj", "{A1A53D83-C4CF-4EF6-8D36-4B547EAF769F}"
EndProject
Project("{9A19103F-16F7-4668-BE54-9A1E7A4F7556}") = "R5T.F0124", "..\..\R5T.F0124\source\R5T.F0124\R5T.F0124.csproj", "{EF5A0169-414C-4726-88CC-343FC82EE4B2}"
EndProject
Project("{9A19103F-16F7-4668-BE54-9A1E7A4F7556}") = "R5T.F0128", "..\..\R5T.F0128\source\R5T.F0128\R5T.F0128.csproj", "{E3C2DBA2-F7D5-40BC-854C-275B087B337D}"
EndProject
Project("{9A19103F-16F7-4668-BE54-9A1E7A4F7556}") = "R5T.T0131", "..\..\R5T.T0131\source\R5T.T0131\R5T.T0131.csproj", "{6342B8D3-FDF0-40D3-B522-D5A2D9C55E93}"
EndProject
Project("{9A19103F-16F7-4668-BE54-9A1E7A4F7556}") = "R5T.T0142", "..\..\R5T.T0142\source\R5T.T0142\R5T.T0142.csproj", "{89B74786-49AA-4023-830F-A78372876481}"
EndProject
Project("{9A19103F-16F7-4668-BE54-9A1E7A4F7556}") = "R5T.T0174", "..\..\R5T.T0174\source\R5T.T0174\R5T.T0174.csproj", "{82F7B954-1226-49C5-895D-FD17526B9AC8}"
EndProject
Project("{9A19103F-16F7-4668-BE54-9A1E7A4F7556}") = "R5T.T0176", "..\..\R5T.T0176\source\R5T.T0176\R5T.T0176.csproj", "{30ED6FF1-8013-4342-94DC-1E1BADB90914}"
EndProject
Project("{9A19103F-16F7-4668-BE54-9A1E7A4F7556}") = "R5T.T0177", "..\..\R5T.T0177\source\R5T.T0177\R5T.T0177.csproj", "{77F1C1BD-F730-422C-AB57-74C13DA83FAA}"
EndProject
Project("{9A19103F-16F7-4668-BE54-9A1E7A4F7556}") = "R5T.T0180", "..\..\R5T.T0180\source\R5T.T0180\R5T.T0180.csproj", "{0EB00821-4CA7-4DE4-98FA-582E1577A27A}"
EndProject
Project("{9A19103F-16F7-4668-BE54-9A1E7A4F7556}") = "R5T.T0181", "..\..\R5T.T0181\source\R5T.T0181\R5T.T0181.csproj", "{3FB0CA25-1497-4EF8-945A-C462C1DD6A00}"
EndProject
Project("{9A19103F-16F7-4668-BE54-9A1E7A4F7556}") = "R5T.Y0000", "..\..\R5T.Y0000\source\R5T.Y0000\R5T.Y0000.csproj", "{A2757F30-B181-47F3-B30F-056183CEE976}"
EndProject
Project("{9A19103F-16F7-4668-BE54-9A1E7A4F7556}") = "R5T.Z0000", "..\..\R5T.Z0000\source\R5T.Z0000\R5T.Z0000.csproj", "{614C69A0-A24C-4CC3-AA65-2F0EE19B7E99}"
EndProject
Global
	GlobalSection(NestedProjects) = preSolution
		{D5E3A605-169F-4B9B-A089-B254553F10AE} = {E617C044-9DE7-4C02-AD04-737375499C71}
		{CC76F681-C0C1-45BC-B59B-9FC90E508539} = {E617C044-9DE7-4C02-AD04-737375499C71}
		{B093F80C-D6A8-4790-ADB8-6E67B49D8468} = {E617C044-9DE7-4C02-AD04-737375499C71}
		{4C5FB2C5-F468-4320-85DB-6A1184474A24} = {E617C044-9DE7-4C02-AD04-737375499C71}
		{DD22D482-014A-4C45-8CE4-0E7ABF883652} = {E617C044-9DE7-4C02-AD04-737375499C71}
		{6D63E3F0-6385-4CD7-9658-D4A6744E37E1} = {E617C044-9DE7-4C02-AD04-737375499C71}
		{BFEC0760-58E9-40B8-AC32-26AB14666861} = {E617C044-9DE7-4C02-AD04-737375499C71}
		{92768933-0BB8-4C82-B141-6DA63C532877} = {E617C044-9DE7-4C02-AD04-737375499C71}
		{AC7025FD-34E1-410F-929E-B0F68636DC64} = {E617C044-9DE7-4C02-AD04-737375499C71}
		{28246208-6666-458D-BAA8-923B67728C8B} = {E617C044-9DE7-4C02-AD04-737375499C71}
		{A1A53D83-C4CF-4EF6-8D36-4B547EAF769F} = {E617C044-9DE7-4C02-AD04-737375499C71}
		{EF5A0169-414C-4726-88CC-343FC82EE4B2} = {E617C044-9DE7-4C02-AD04-737375499C71}
		{E3C2DBA2-F7D5-40BC-854C-275B087B337D} = {E617C044-9DE7-4C02-AD04-737375499C71}
		{6342B8D3-FDF0-40D3-B522-D5A2D9C55E93} = {E617C044-9DE7-4C02-AD04-737375499C71}
		{89B74786-49AA-4023-830F-A78372876481} = {E617C044-9DE7-4C02-AD04-737375499C71}
		{82F7B954-1226-49C5-895D-FD17526B9AC8} = {E617C044-9DE7-4C02-AD04-737375499C71}
		{30ED6FF1-8013-4342-94DC-1E1BADB90914} = {E617C044-9DE7-4C02-AD04-737375499C71}
		{77F1C1BD-F730-422C-AB57-74C13DA83FAA} = {E617C044-9DE7-4C02-AD04-737375499C71}
		{0EB00821-4CA7-4DE4-98FA-582E1577A27A} = {E617C044-9DE7-4C02-AD04-737375499C71}
		{3FB0CA25-1497-4EF8-945A-C462C1DD6A00} = {E617C044-9DE7-4C02-AD04-737375499C71}
		{A2757F30-B181-47F3-B30F-056183CEE976} = {E617C044-9DE7-4C02-AD04-737375499C71}
		{614C69A0-A24C-4CC3-AA65-2F0EE19B7E99} = {E617C044-9DE7-4C02-AD04-737375499C71}
	EndGlobalSection
	GlobalSection(SolutionConfigurationPlatforms) = preSolution
		Debug|Any CPU = Debug|Any CPU
		Release|Any CPU = Release|Any CPU
	EndGlobalSection
	GlobalSection(ProjectConfigurationPlatforms) = postSolution
		{1C8818EF-455C-48C7-8E9B-3C82E8CB688D}.Debug|Any CPU.ActiveCfg = Debug|Any CPU
		{1C8818EF-455C-48C7-8E9B-3C82E8CB688D}.Debug|Any CPU.Build.0 = Debug|Any CPU
		{1C8818EF-455C-48C7-8E9B-3C82E8CB688D}.Release|Any CPU.ActiveCfg = Release|Any CPU
		{1C8818EF-455C-48C7-8E9B-3C82E8CB688D}.Release|Any CPU.Build.0 = Release|Any CPU
		{D5E3A605-169F-4B9B-A089-B254553F10AE}.Debug|Any CPU.ActiveCfg = Debug|Any CPU
		{D5E3A605-169F-4B9B-A089-B254553F10AE}.Debug|Any CPU.Build.0 = Debug|Any CPU
		{D5E3A605-169F-4B9B-A089-B254553F10AE}.Release|Any CPU.ActiveCfg = Release|Any CPU
		{D5E3A605-169F-4B9B-A089-B254553F10AE}.Release|Any CPU.Build.0 = Release|Any CPU
		{CC76F681-C0C1-45BC-B59B-9FC90E508539}.Debug|Any CPU.ActiveCfg = Debug|Any CPU
		{CC76F681-C0C1-45BC-B59B-9FC90E508539}.Debug|Any CPU.Build.0 = Debug|Any CPU
		{CC76F681-C0C1-45BC-B59B-9FC90E508539}.Release|Any CPU.ActiveCfg = Release|Any CPU
		{CC76F681-C0C1-45BC-B59B-9FC90E508539}.Release|Any CPU.Build.0 = Release|Any CPU
		{B093F80C-D6A8-4790-ADB8-6E67B49D8468}.Debug|Any CPU.ActiveCfg = Debug|Any CPU
		{B093F80C-D6A8-4790-ADB8-6E67B49D8468}.Debug|Any CPU.Build.0 = Debug|Any CPU
		{B093F80C-D6A8-4790-ADB8-6E67B49D8468}.Release|Any CPU.ActiveCfg = Release|Any CPU
		{B093F80C-D6A8-4790-ADB8-6E67B49D8468}.Release|Any CPU.Build.0 = Release|Any CPU
		{4C5FB2C5-F468-4320-85DB-6A1184474A24}.Debug|Any CPU.ActiveCfg = Debug|Any CPU
		{4C5FB2C5-F468-4320-85DB-6A1184474A24}.Debug|Any CPU.Build.0 = Debug|Any CPU
		{4C5FB2C5-F468-4320-85DB-6A1184474A24}.Release|Any CPU.ActiveCfg = Release|Any CPU
		{4C5FB2C5-F468-4320-85DB-6A1184474A24}.Release|Any CPU.Build.0 = Release|Any CPU
		{DD22D482-014A-4C45-8CE4-0E7ABF883652}.Debug|Any CPU.ActiveCfg = Debug|Any CPU
		{DD22D482-014A-4C45-8CE4-0E7ABF883652}.Debug|Any CPU.Build.0 = Debug|Any CPU
		{DD22D482-014A-4C45-8CE4-0E7ABF883652}.Release|Any CPU.ActiveCfg = Release|Any CPU
		{DD22D482-014A-4C45-8CE4-0E7ABF883652}.Release|Any CPU.Build.0 = Release|Any CPU
		{6D63E3F0-6385-4CD7-9658-D4A6744E37E1}.Debug|Any CPU.ActiveCfg = Debug|Any CPU
		{6D63E3F0-6385-4CD7-9658-D4A6744E37E1}.Debug|Any CPU.Build.0 = Debug|Any CPU
		{6D63E3F0-6385-4CD7-9658-D4A6744E37E1}.Release|Any CPU.ActiveCfg = Release|Any CPU
		{6D63E3F0-6385-4CD7-9658-D4A6744E37E1}.Release|Any CPU.Build.0 = Release|Any CPU
		{BFEC0760-58E9-40B8-AC32-26AB14666861}.Debug|Any CPU.ActiveCfg = Debug|Any CPU
		{BFEC0760-58E9-40B8-AC32-26AB14666861}.Debug|Any CPU.Build.0 = Debug|Any CPU
		{BFEC0760-58E9-40B8-AC32-26AB14666861}.Release|Any CPU.ActiveCfg = Release|Any CPU
		{BFEC0760-58E9-40B8-AC32-26AB14666861}.Release|Any CPU.Build.0 = Release|Any CPU
		{92768933-0BB8-4C82-B141-6DA63C532877}.Debug|Any CPU.ActiveCfg = Debug|Any CPU
		{92768933-0BB8-4C82-B141-6DA63C532877}.Debug|Any CPU.Build.0 = Debug|Any CPU
		{92768933-0BB8-4C82-B141-6DA63C532877}.Release|Any CPU.ActiveCfg = Release|Any CPU
		{92768933-0BB8-4C82-B141-6DA63C532877}.Release|Any CPU.Build.0 = Release|Any CPU
		{AC7025FD-34E1-410F-929E-B0F68636DC64}.Debug|Any CPU.ActiveCfg = Debug|Any CPU
		{AC7025FD-34E1-410F-929E-B0F68636DC64}.Debug|Any CPU.Build.0 = Debug|Any CPU
		{AC7025FD-34E1-410F-929E-B0F68636DC64}.Release|Any CPU.ActiveCfg = Release|Any CPU
		{AC7025FD-34E1-410F-929E-B0F68636DC64}.Release|Any CPU.Build.0 = Release|Any CPU
		{28246208-6666-458D-BAA8-923B67728C8B}.Debug|Any CPU.ActiveCfg = Debug|Any CPU
		{28246208-6666-458D-BAA8-923B67728C8B}.Debug|Any CPU.Build.0 = Debug|Any CPU
		{28246208-6666-458D-BAA8-923B67728C8B}.Release|Any CPU.ActiveCfg = Release|Any CPU
		{28246208-6666-458D-BAA8-923B67728C8B}.Release|Any CPU.Build.0 = Release|Any CPU
		{A1A53D83-C4CF-4EF6-8D36-4B547EAF769F}.Debug|Any CPU.ActiveCfg = Debug|Any CPU
		{A1A53D83-C4CF-4EF6-8D36-4B547EAF769F}.Debug|Any CPU.Build.0 = Debug|Any CPU
		{A1A53D83-C4CF-4EF6-8D36-4B547EAF769F}.Release|Any CPU.ActiveCfg = Release|Any CPU
		{A1A53D83-C4CF-4EF6-8D36-4B547EAF769F}.Release|Any CPU.Build.0 = Release|Any CPU
		{EF5A0169-414C-4726-88CC-343FC82EE4B2}.Debug|Any CPU.ActiveCfg = Debug|Any CPU
		{EF5A0169-414C-4726-88CC-343FC82EE4B2}.Debug|Any CPU.Build.0 = Debug|Any CPU
		{EF5A0169-414C-4726-88CC-343FC82EE4B2}.Release|Any CPU.ActiveCfg = Release|Any CPU
		{EF5A0169-414C-4726-88CC-343FC82EE4B2}.Release|Any CPU.Build.0 = Release|Any CPU
		{E3C2DBA2-F7D5-40BC-854C-275B087B337D}.Debug|Any CPU.ActiveCfg = Debug|Any CPU
		{E3C2DBA2-F7D5-40BC-854C-275B087B337D}.Debug|Any CPU.Build.0 = Debug|Any CPU
		{E3C2DBA2-F7D5-40BC-854C-275B087B337D}.Release|Any CPU.ActiveCfg = Release|Any CPU
		{E3C2DBA2-F7D5-40BC-854C-275B087B337D}.Release|Any CPU.Build.0 = Release|Any CPU
		{6342B8D3-FDF0-40D3-B522-D5A2D9C55E93}.Debug|Any CPU.ActiveCfg = Debug|Any CPU
		{6342B8D3-FDF0-40D3-B522-D5A2D9C55E93}.Debug|Any CPU.Build.0 = Debug|Any CPU
		{6342B8D3-FDF0-40D3-B522-D5A2D9C55E93}.Release|Any CPU.ActiveCfg = Release|Any CPU
		{6342B8D3-FDF0-40D3-B522-D5A2D9C55E93}.Release|Any CPU.Build.0 = Release|Any CPU
		{89B74786-49AA-4023-830F-A78372876481}.Debug|Any CPU.ActiveCfg = Debug|Any CPU
		{89B74786-49AA-4023-830F-A78372876481}.Debug|Any CPU.Build.0 = Debug|Any CPU
		{89B74786-49AA-4023-830F-A78372876481}.Release|Any CPU.ActiveCfg = Release|Any CPU
		{89B74786-49AA-4023-830F-A78372876481}.Release|Any CPU.Build.0 = Release|Any CPU
		{82F7B954-1226-49C5-895D-FD17526B9AC8}.Debug|Any CPU.ActiveCfg = Debug|Any CPU
		{82F7B954-1226-49C5-895D-FD17526B9AC8}.Debug|Any CPU.Build.0 = Debug|Any CPU
		{82F7B954-1226-49C5-895D-FD17526B9AC8}.Release|Any CPU.ActiveCfg = Release|Any CPU
		{82F7B954-1226-49C5-895D-FD17526B9AC8}.Release|Any CPU.Build.0 = Release|Any CPU
		{30ED6FF1-8013-4342-94DC-1E1BADB90914}.Debug|Any CPU.ActiveCfg = Debug|Any CPU
		{30ED6FF1-8013-4342-94DC-1E1BADB90914}.Debug|Any CPU.Build.0 = Debug|Any CPU
		{30ED6FF1-8013-4342-94DC-1E1BADB90914}.Release|Any CPU.ActiveCfg = Release|Any CPU
		{30ED6FF1-8013-4342-94DC-1E1BADB90914}.Release|Any CPU.Build.0 = Release|Any CPU
		{77F1C1BD-F730-422C-AB57-74C13DA83FAA}.Debug|Any CPU.ActiveCfg = Debug|Any CPU
		{77F1C1BD-F730-422C-AB57-74C13DA83FAA}.Debug|Any CPU.Build.0 = Debug|Any CPU
		{77F1C1BD-F730-422C-AB57-74C13DA83FAA}.Release|Any CPU.ActiveCfg = Release|Any CPU
		{77F1C1BD-F730-422C-AB57-74C13DA83FAA}.Release|Any CPU.Build.0 = Release|Any CPU
		{0EB00821-4CA7-4DE4-98FA-582E1577A27A}.Debug|Any CPU.ActiveCfg = Debug|Any CPU
		{0EB00821-4CA7-4DE4-98FA-582E1577A27A}.Debug|Any CPU.Build.0 = Debug|Any CPU
		{0EB00821-4CA7-4DE4-98FA-582E1577A27A}.Release|Any CPU.ActiveCfg = Release|Any CPU
		{0EB00821-4CA7-4DE4-98FA-582E1577A27A}.Release|Any CPU.Build.0 = Release|Any CPU
		{3FB0CA25-1497-4EF8-945A-C462C1DD6A00}.Debug|Any CPU.ActiveCfg = Debug|Any CPU
		{3FB0CA25-1497-4EF8-945A-C462C1DD6A00}.Debug|Any CPU.Build.0 = Debug|Any CPU
		{3FB0CA25-1497-4EF8-945A-C462C1DD6A00}.Release|Any CPU.ActiveCfg = Release|Any CPU
		{3FB0CA25-1497-4EF8-945A-C462C1DD6A00}.Release|Any CPU.Build.0 = Release|Any CPU
		{A2757F30-B181-47F3-B30F-056183CEE976}.Debug|Any CPU.ActiveCfg = Debug|Any CPU
		{A2757F30-B181-47F3-B30F-056183CEE976}.Debug|Any CPU.Build.0 = Debug|Any CPU
		{A2757F30-B181-47F3-B30F-056183CEE976}.Release|Any CPU.ActiveCfg = Release|Any CPU
		{A2757F30-B181-47F3-B30F-056183CEE976}.Release|Any CPU.Build.0 = Release|Any CPU
		{614C69A0-A24C-4CC3-AA65-2F0EE19B7E99}.Debug|Any CPU.ActiveCfg = Debug|Any CPU
		{614C69A0-A24C-4CC3-AA65-2F0EE19B7E99}.Debug|Any CPU.Build.0 = Debug|Any CPU
		{614C69A0-A24C-4CC3-AA65-2F0EE19B7E99}.Release|Any CPU.ActiveCfg = Release|Any CPU
		{614C69A0-A24C-4CC3-AA65-2F0EE19B7E99}.Release|Any CPU.Build.0 = Release|Any CPU
	EndGlobalSection
	GlobalSection(SolutionProperties) = preSolution
		HideSolutionNode = FALSE
	EndGlobalSection
	GlobalSection(ExtensibilityGlobals) = postSolution
		SolutionGuid = {E27F284D-54A3-42B7-9ED6-5745513C9FA3}
	EndGlobalSection
EndGlobal
