
Microsoft Visual Studio Solution File, Format Version 12.00
# Visual Studio Version 17
VisualStudioVersion = 17.2.32630.192
MinimumVisualStudioVersion = 10.0.40219.1
Project("{9A19103F-16F7-4668-BE54-9A1E7A4F7556}") = "R5T.F0127", "R5T.F0127\R5T.F0127.csproj", "{1C8818EF-455C-48C7-8E9B-3C82E8CB688D}"
EndProject
Global
	GlobalSection(SolutionConfigurationPlatforms) = preSolution
		Debug|Any CPU = Debug|Any CPU
		Release|Any CPU = Release|Any CPU
	EndGlobalSection
	GlobalSection(ProjectConfigurationPlatforms) = postSolution
		{1C8818EF-455C-48C7-8E9B-3C82E8CB688D}.Debug|Any CPU.ActiveCfg = Debug|Any CPU
		{1C8818EF-455C-48C7-8E9B-3C82E8CB688D}.Debug|Any CPU.Build.0 = Debug|Any CPU
		{1C8818EF-455C-48C7-8E9B-3C82E8CB688D}.Release|Any CPU.ActiveCfg = Release|Any CPU
		{1C8818EF-455C-48C7-8E9B-3C82E8CB688D}.Release|Any CPU.Build.0 = Release|Any CPU
	EndGlobalSection
	GlobalSection(SolutionProperties) = preSolution
		HideSolutionNode = FALSE
	EndGlobalSection
	GlobalSection(ExtensibilityGlobals) = postSolution
		SolutionGuid = {E27F284D-54A3-42B7-9ED6-5745513C9FA3}
	EndGlobalSection
EndGlobal
